
Microsoft Visual Studio Solution File, Format Version 12.00
# Visual Studio 15
VisualStudioVersion = 15.0.27703.2035
MinimumVisualStudioVersion = 10.0.40219.1
Project("{FAE04EC0-301F-11D3-BF4B-00C04F79EFBC}") = "SimpleCrossWeatherApp.Android", "SimpleCrossWeatherApp\SimpleCrossWeatherApp.Android\SimpleCrossWeatherApp.Android.csproj", "{1088108D-DBF0-4810-9629-8B768F832B03}"
EndProject
Project("{FAE04EC0-301F-11D3-BF4B-00C04F79EFBC}") = "SimpleCrossWeatherApp", "SimpleCrossWeatherApp\SimpleCrossWeatherApp\SimpleCrossWeatherApp.csproj", "{79E78B43-E599-4AB7-B5A3-2331253E9993}"
EndProject
Global
	GlobalSection(SolutionConfigurationPlatforms) = preSolution
		Debug|Any CPU = Debug|Any CPU
		Release|Any CPU = Release|Any CPU
	EndGlobalSection
	GlobalSection(ProjectConfigurationPlatforms) = postSolution
		{1088108D-DBF0-4810-9629-8B768F832B03}.Debug|Any CPU.ActiveCfg = Debug|Any CPU
		{1088108D-DBF0-4810-9629-8B768F832B03}.Debug|Any CPU.Build.0 = Debug|Any CPU
		{1088108D-DBF0-4810-9629-8B768F832B03}.Debug|Any CPU.Deploy.0 = Debug|Any CPU
		{1088108D-DBF0-4810-9629-8B768F832B03}.Release|Any CPU.ActiveCfg = Release|Any CPU
		{1088108D-DBF0-4810-9629-8B768F832B03}.Release|Any CPU.Build.0 = Release|Any CPU
		{1088108D-DBF0-4810-9629-8B768F832B03}.Release|Any CPU.Deploy.0 = Release|Any CPU
		{79E78B43-E599-4AB7-B5A3-2331253E9993}.Debug|Any CPU.ActiveCfg = Debug|Any CPU
		{79E78B43-E599-4AB7-B5A3-2331253E9993}.Debug|Any CPU.Build.0 = Debug|Any CPU
		{79E78B43-E599-4AB7-B5A3-2331253E9993}.Debug|Any CPU.Deploy.0 = Debug|Any CPU
		{79E78B43-E599-4AB7-B5A3-2331253E9993}.Release|Any CPU.ActiveCfg = Release|Any CPU
		{79E78B43-E599-4AB7-B5A3-2331253E9993}.Release|Any CPU.Build.0 = Release|Any CPU
		{79E78B43-E599-4AB7-B5A3-2331253E9993}.Release|Any CPU.Deploy.0 = Release|Any CPU
	EndGlobalSection
	GlobalSection(SolutionProperties) = preSolution
		HideSolutionNode = FALSE
	EndGlobalSection
	GlobalSection(ExtensibilityGlobals) = postSolution
		SolutionGuid = {B7C3681B-C889-4BAE-A706-5662E124AA6C}
	EndGlobalSection
EndGlobal
